
Microsoft Visual Studio Solution File, Format Version 12.00
# Visual Studio Version 17
VisualStudioVersion = 17.12.35527.113 d17.12
MinimumVisualStudioVersion = 10.0.40219.1
Project("{FAE04EC0-301F-11D3-BF4B-00C04F79EFBC}") = "Mission_5_assignment", "Mission_5_assignment\Mission_5_assignment.csproj", "{CB729D51-558B-45F4-8D5C-16C807CF87EC}"
EndProject
Global
	GlobalSection(SolutionConfigurationPlatforms) = preSolution
		Debug|Any CPU = Debug|Any CPU
		Release|Any CPU = Release|Any CPU
	EndGlobalSection
	GlobalSection(ProjectConfigurationPlatforms) = postSolution
		{CB729D51-558B-45F4-8D5C-16C807CF87EC}.Debug|Any CPU.ActiveCfg = Debug|Any CPU
		{CB729D51-558B-45F4-8D5C-16C807CF87EC}.Debug|Any CPU.Build.0 = Debug|Any CPU
		{CB729D51-558B-45F4-8D5C-16C807CF87EC}.Release|Any CPU.ActiveCfg = Release|Any CPU
		{CB729D51-558B-45F4-8D5C-16C807CF87EC}.Release|Any CPU.Build.0 = Release|Any CPU
	EndGlobalSection
	GlobalSection(SolutionProperties) = preSolution
		HideSolutionNode = FALSE
	EndGlobalSection
EndGlobal
